// !$*UTF8*$!
{
	archiveVersion = 1;
	classes = {
	};
	objectVersion = 46;
	objects = {

/* Begin PBXBuildFile section */
		039AF5791ECC49DE00D442BF /* BackgroundColorProvider.swift in Sources */ = {isa = PBXBuildFile; fileRef = 039AF5781ECC49DE00D442BF /* BackgroundColorProvider.swift */; };
		03A54B8A1ECB370100A324EC /* AppDelegate.swift in Sources */ = {isa = PBXBuildFile; fileRef = 03A54B891ECB370100A324EC /* AppDelegate.swift */; };
		03A54B8C1ECB370100A324EC /* ViewController.swift in Sources */ = {isa = PBXBuildFile; fileRef = 03A54B8B1ECB370100A324EC /* ViewController.swift */; };
		03A54B8F1ECB370100A324EC /* Main.storyboard in Resources */ = {isa = PBXBuildFile; fileRef = 03A54B8D1ECB370100A324EC /* Main.storyboard */; };
		03A54B911ECB370100A324EC /* Assets.xcassets in Resources */ = {isa = PBXBuildFile; fileRef = 03A54B901ECB370100A324EC /* Assets.xcassets */; };
		03A54B941ECB370100A324EC /* LaunchScreen.storyboard in Resources */ = {isa = PBXBuildFile; fileRef = 03A54B921ECB370100A324EC /* LaunchScreen.storyboard */; };
		03A54B9C1ECB53BE00A324EC /* FactProvider.swift in Sources */ = {isa = PBXBuildFile; fileRef = 03A54B9B1ECB53BE00A324EC /* FactProvider.swift */; };
/* End PBXBuildFile section */

/* Begin PBXFileReference section */
		039AF5781ECC49DE00D442BF /* BackgroundColorProvider.swift */ = {isa = PBXFileReference; fileEncoding = 4; lastKnownFileType = sourcecode.swift; path = BackgroundColorProvider.swift; sourceTree = "<group>"; };
		03A54B861ECB370100A324EC /* FunFacts.app */ = {isa = PBXFileReference; explicitFileType = wrapper.application; includeInIndex = 0; path = FunFacts.app; sourceTree = BUILT_PRODUCTS_DIR; };
		03A54B891ECB370100A324EC /* AppDelegate.swift */ = {isa = PBXFileReference; lastKnownFileType = sourcecode.swift; path = AppDelegate.swift; sourceTree = "<group>"; };
		03A54B8B1ECB370100A324EC /* ViewController.swift */ = {isa = PBXFileReference; lastKnownFileType = sourcecode.swift; path = ViewController.swift; sourceTree = "<group>"; };
		03A54B8E1ECB370100A324EC /* Base */ = {isa = PBXFileReference; lastKnownFileType = file.storyboard; name = Base; path = Base.lproj/Main.storyboard; sourceTree = "<group>"; };
		03A54B901ECB370100A324EC /* Assets.xcassets */ = {isa = PBXFileReference; lastKnownFileType = folder.assetcatalog; path = Assets.xcassets; sourceTree = "<group>"; };
		03A54B931ECB370100A324EC /* Base */ = {isa = PBXFileReference; lastKnownFileType = file.storyboard; name = Base; path = Base.lproj/LaunchScreen.storyboard; sourceTree = "<group>"; };
		03A54B951ECB370100A324EC /* Info.plist */ = {isa = PBXFileReference; lastKnownFileType = text.plist.xml; path = Info.plist; sourceTree = "<group>"; };
		03A54B9B1ECB53BE00A324EC /* FactProvider.swift */ = {isa = PBXFileReference; fileEncoding = 4; lastKnownFileType = sourcecode.swift; path = FactProvider.swift; sourceTree = "<group>"; };
/* End PBXFileReference section */

/* Begin PBXFrameworksBuildPhase section */
		03A54B831ECB370100A324EC /* Frameworks */ = {
			isa = PBXFrameworksBuildPhase;
			buildActionMask = 2147483647;
			files = (
			);
			runOnlyForDeploymentPostprocessing = 0;
		};
/* End PBXFrameworksBuildPhase section */

/* Begin PBXGroup section */
		03A54B7D1ECB370100A324EC = {
			isa = PBXGroup;
			children = (
				03A54B881ECB370100A324EC /* FunFacts */,
				03A54B871ECB370100A324EC /* Products */,
			);
			sourceTree = "<group>";
		};
		03A54B871ECB370100A324EC /* Products */ = {
			isa = PBXGroup;
			children = (
				03A54B861ECB370100A324EC /* FunFacts.app */,
			);
			name = Products;
			sourceTree = "<group>";
		};
		03A54B881ECB370100A324EC /* FunFacts */ = {
			isa = PBXGroup;
			children = (
				03A54B891ECB370100A324EC /* AppDelegate.swift */,
				03A54B8B1ECB370100A324EC /* ViewController.swift */,
				03A54B9B1ECB53BE00A324EC /* FactProvider.swift */,
				03A54B8D1ECB370100A324EC /* Main.storyboard */,
				03A54B901ECB370100A324EC /* Assets.xcassets */,
				03A54B921ECB370100A324EC /* LaunchScreen.storyboard */,
				03A54B951ECB370100A324EC /* Info.plist */,
				039AF5781ECC49DE00D442BF /* BackgroundColorProvider.swift */,
			);
			path = FunFacts;
			sourceTree = "<group>";
		};
/* End PBXGroup section */

/* Begin PBXNativeTarget section */
		03A54B851ECB370100A324EC /* FunFacts */ = {
			isa = PBXNativeTarget;
			buildConfigurationList = 03A54B981ECB370100A324EC /* Build configuration list for PBXNativeTarget "FunFacts" */;
			buildPhases = (
				03A54B821ECB370100A324EC /* Sources */,
				03A54B831ECB370100A324EC /* Frameworks */,
				03A54B841ECB370100A324EC /* Resources */,
			);
			buildRules = (
			);
			dependencies = (
			);
			name = FunFacts;
			productName = FunFacts;
			productReference = 03A54B861ECB370100A324EC /* FunFacts.app */;
			productType = "com.apple.product-type.application";
		};
/* End PBXNativeTarget section */

/* Begin PBXProject section */
		03A54B7E1ECB370100A324EC /* Project object */ = {
			isa = PBXProject;
			attributes = {
				LastSwiftUpdateCheck = 0830;
				LastUpgradeCheck = 0830;
				ORGANIZATIONNAME = "Arno de Jonge";
				TargetAttributes = {
					03A54B851ECB370100A324EC = {
						CreatedOnToolsVersion = 8.3.2;
						DevelopmentTeam = ZVQU83DR2L;
						ProvisioningStyle = Automatic;
					};
				};
			};
			buildConfigurationList = 03A54B811ECB370100A324EC /* Build configuration list for PBXProject "FunFacts" */;
			compatibilityVersion = "Xcode 3.2";
			developmentRegion = English;
			hasScannedForEncodings = 0;
			knownRegions = (
				en,
				Base,
			);
			mainGroup = 03A54B7D1ECB370100A324EC;
			productRefGroup = 03A54B871ECB370100A324EC /* Products */;
			projectDirPath = "";
			projectRoot = "";
			targets = (
				03A54B851ECB370100A324EC /* FunFacts */,
			);
		};
/* End PBXProject section */

/* Begin PBXResourcesBuildPhase section */
		03A54B841ECB370100A324EC /* Resources */ = {
			isa = PBXResourcesBuildPhase;
			buildActionMask = 2147483647;
			files = (
				03A54B941ECB370100A324EC /* LaunchScreen.storyboard in Resources */,
				03A54B911ECB370100A324EC /* Assets.xcassets in Resources */,
				03A54B8F1ECB370100A324EC /* Main.storyboard in Resources */,
			);
			runOnlyForDeploymentPostprocessing = 0;
		};
/* End PBXResourcesBuildPhase section */

/* Begin PBXSourcesBuildPhase section */
		03A54B821ECB370100A324EC /* Sources */ = {
			isa = PBXSourcesBuildPhase;
			buildActionMask = 2147483647;
			files = (
				03A54B8C1ECB370100A324EC /* ViewController.swift in Sources */,
				03A54B8A1ECB370100A324EC /* AppDelegate.swift in Sources */,
				039AF5791ECC49DE00D442BF /* BackgroundColorProvider.swift in Sources */,
				03A54B9C1ECB53BE00A324EC /* FactProvider.swift in Sources */,
			);
			runOnlyForDeploymentPostprocessing = 0;
		};
/* End PBXSourcesBuildPhase section */

/* Begin PBXVariantGroup section */
		03A54B8D1ECB370100A324EC /* Main.storyboard */ = {
			isa = PBXVariantGroup;
			children = (
				03A54B8E1ECB370100A324EC /* Base */,
			);
			name = Main.storyboard;
			sourceTree = "<group>";
		};
		03A54B921ECB370100A324EC /* LaunchScreen.storyboard */ = {
			isa = PBXVariantGroup;
			children = (
				03A54B931ECB370100A324EC /* Base */,
			);
			name = LaunchScreen.storyboard;
			sourceTree = "<group>";
		};
/* End PBXVariantGroup section */

/* Begin XCBuildConfiguration section */
		03A54B961ECB370100A324EC /* Debug */ = {
			isa = XCBuildConfiguration;
			buildSettings = {
				ALWAYS_SEARCH_USER_PATHS = NO;
				CLANG_ANALYZER_NONNULL = YES;
				CLANG_ANALYZER_NUMBER_OBJECT_CONVERSION = YES_AGGRESSIVE;
				CLANG_CXX_LANGUAGE_STANDARD = "gnu++0x";
				CLANG_CXX_LIBRARY = "libc++";
				CLANG_ENABLE_MODULES = YES;
				CLANG_ENABLE_OBJC_ARC = YES;
				CLANG_WARN_BOOL_CONVERSION = YES;
				CLANG_WARN_CONSTANT_CONVERSION = YES;
				CLANG_WARN_DIRECT_OBJC_ISA_USAGE = YES_ERROR;
				CLANG_WARN_DOCUMENTATION_COMMENTS = YES;
				CLANG_WARN_EMPTY_BODY = YES;
				CLANG_WARN_ENUM_CONVERSION = YES;
				CLANG_WARN_INFINITE_RECURSION = YES;
				CLANG_WARN_INT_CONVERSION = YES;
				CLANG_WARN_OBJC_ROOT_CLASS = YES_ERROR;
				CLANG_WARN_SUSPICIOUS_MOVE = YES;
				CLANG_WARN_UNREACHABLE_CODE = YES;
				CLANG_WARN__DUPLICATE_METHOD_MATCH = YES;
				"CODE_SIGN_IDENTITY[sdk=iphoneos*]" = "iPhone Developer";
				COPY_PHASE_STRIP = NO;
				DEBUG_INFORMATION_FORMAT = dwarf;
				ENABLE_STRICT_OBJC_MSGSEND = YES;
				ENABLE_TESTABILITY = YES;
				GCC_C_LANGUAGE_STANDARD = gnu99;
				GCC_DYNAMIC_NO_PIC = NO;
				GCC_NO_COMMON_BLOCKS = YES;
				GCC_OPTIMIZATION_LEVEL = 0;
				GCC_PREPROCESSOR_DEFINITIONS = (
					"DEBUG=1",
					"$(inherited)",
				);
				GCC_WARN_64_TO_32_BIT_CONVERSION = YES;
				GCC_WARN_ABOUT_RETURN_TYPE = YES_ERROR;
				GCC_WARN_UNDECLARED_SELECTOR = YES;
				GCC_WARN_UNINITIALIZED_AUTOS = YES_AGGRESSIVE;
				GCC_WARN_UNUSED_FUNCTION = YES;
				GCC_WARN_UNUSED_VARIABLE = YES;
				IPHONEOS_DEPLOYMENT_TARGET = 10.3;
				MTL_ENABLE_DEBUG_INFO = YES;
				ONLY_ACTIVE_ARCH = YES;
				SDKROOT = iphoneos;
				SWIFT_ACTIVE_COMPILATION_CONDITIONS = DEBUG;
				SWIFT_OPTIMIZATION_LEVEL = "-Onone";
				TARGETED_DEVICE_FAMILY = "1,2";
			};
			name = Debug;
		};
		03A54B971ECB370100A324EC /* Release */ = {
			isa = XCBuildConfiguration;
			buildSettings = {
				ALWAYS_SEARCH_USER_PATHS = NO;
				CLANG_ANALYZER_NONNULL = YES;
				CLANG_ANALYZER_NUMBER_OBJECT_CONVERSION = YES_AGGRESSIVE;
				CLANG_CXX_LANGUAGE_STANDARD = "gnu++0x";
				CLANG_CXX_LIBRARY = "libc++";
				CLANG_ENABLE_MODULES = YES;
				CLANG_ENABLE_OBJC_ARC = YES;
				CLANG_WARN_BOOL_CONVERSION = YES;
				CLANG_WARN_CONSTANT_CONVERSION = YES;
				CLANG_WARN_DIRECT_OBJC_ISA_USAGE = YES_ERROR;
				CLANG_WARN_DOCUMENTATION_COMMENTS = YES;
				CLANG_WARN_EMPTY_BODY = YES;
				CLANG_WARN_ENUM_CONVERSION = YES;
				CLANG_WARN_INFINITE_RECURSION = YES;
				CLANG_WARN_INT_CONVERSION = YES;
				CLANG_WARN_OBJC_ROOT_CLASS = YES_ERROR;
				CLANG_WARN_SUSPICIOUS_MOVE = YES;
				CLANG_WARN_UNREACHABLE_CODE = YES;
				CLANG_WARN__DUPLICATE_METHOD_MATCH = YES;
				"CODE_SIGN_IDENTITY[sdk=iphoneos*]" = "iPhone Developer";
				COPY_PHASE_STRIP = NO;
				DEBUG_INFORMATION_FORMAT = "dwarf-with-dsym";
				ENABLE_NS_ASSERTIONS = NO;
				ENABLE_STRICT_OBJC_MSGSEND = YES;
				GCC_C_LANGUAGE_STANDARD = gnu99;
				GCC_NO_COMMON_BLOCKS = YES;
				GCC_WARN_64_TO_32_BIT_CONVERSION = YES;
				GCC_WARN_ABOUT_RETURN_TYPE = YES_ERROR;
				GCC_WARN_UNDECLARED_SELECTOR = YES;
				GCC_WARN_UNINITIALIZED_AUTOS = YES_AGGRESSIVE;
				GCC_WARN_UNUSED_FUNCTION = YES;
				GCC_WARN_UNUSED_VARIABLE = YES;
				IPHONEOS_DEPLOYMENT_TARGET = 10.3;
				MTL_ENABLE_DEBUG_INFO = NO;
				SDKROOT = iphoneos;
				SWIFT_OPTIMIZATION_LEVEL = "-Owholemodule";
				TARGETED_DEVICE_FAMILY = "1,2";
				VALIDATE_PRODUCT = YES;
			};
			name = Release;
		};
		03A54B991ECB370100A324EC /* Debug */ = {
			isa = XCBuildConfiguration;
			buildSettings = {
				ASSETCATALOG_COMPILER_APPICON_NAME = AppIcon;
				DEVELOPMENT_TEAM = ZVQU83DR2L;
				INFOPLIST_FILE = FunFacts/Info.plist;
				LD_RUNPATH_SEARCH_PATHS = "$(inherited) @executable_path/Frameworks";
				PRODUCT_BUNDLE_IDENTIFIER = "com.Arno-de-Jonge.FunFacts";
				PRODUCT_NAME = "$(TARGET_NAME)";
				SWIFT_VERSION = 3.0;
			};
			name = Debug;
		};
		03A54B9A1ECB370100A324EC /* Release */ = {
			isa = XCBuildConfiguration;
			buildSettings = {
				ASSETCATALOG_COMPILER_APPICON_NAME = AppIcon;
				DEVELOPMENT_TEAM = ZVQU83DR2L;
				INFOPLIST_FILE = FunFacts/Info.plist;
				LD_RUNPATH_SEARCH_PATHS = "$(inherited) @executable_path/Frameworks";
				PRODUCT_BUNDLE_IDENTIFIER = "com.Arno-de-Jonge.FunFacts";
				PRODUCT_NAME = "$(TARGET_NAME)";
				SWIFT_VERSION = 3.0;
			};
			name = Release;
		};
/* End XCBuildConfiguration section */

/* Begin XCConfigurationList section */
		03A54B811ECB370100A324EC /* Build configuration list for PBXProject "FunFacts" */ = {
			isa = XCConfigurationList;
			buildConfigurations = (
				03A54B961ECB370100A324EC /* Debug */,
				03A54B971ECB370100A324EC /* Release */,
			);
			defaultConfigurationIsVisible = 0;
			defaultConfigurationName = Release;
		};
		03A54B981ECB370100A324EC /* Build configuration list for PBXNativeTarget "FunFacts" */ = {
			isa = XCConfigurationList;
			buildConfigurations = (
				03A54B991ECB370100A324EC /* Debug */,
				03A54B9A1ECB370100A324EC /* Release */,
			);
			defaultConfigurationIsVisible = 0;
			defaultConfigurationName = Release;
		};
/* End XCConfigurationList section */
	};
	rootObject = 03A54B7E1ECB370100A324EC /* Project object */;
}
